github.com/google/uuid v1.6.0 h1:NIvaJDMOsjHA8n1jAhLSgzrAzy1Hgr+hNrb57e+94F0=
github.com/google/uuid v1.6.0/go.mod h1:TIyPZe4MgqvfeYDBFedMoGGpEw/LqOeaOT+nhxU+yHo=
github.com/xraph/langserver v1.0.0 h1:lAeftsRrO552eHf2Eqrl4clwYGGi80b8hpqXlqT0wUs=
github.com/xraph/langserver v1.0.0/go.mod h1:3ySySdMwLscaNRhAHtE74SpQyPx780DMj+TxlM2O2hk=
